// !$*UTF8*$!
{
	archiveVersion = 1;
	classes = {
	};
	objectVersion = 52;
	objects = {

/* Begin PBXBuildFile section */
		503CED5C2715E8FB0028C57A /* Login in Frameworks */ = {isa = PBXBuildFile; productRef = 503CED5B2715E8FB0028C57A /* Login */; };
		503CED5F2715EACE0028C57A /* SwinjectAutoregistration in Frameworks */ = {isa = PBXBuildFile; productRef = 503CED5E2715EACE0028C57A /* SwinjectAutoregistration */; };
		503CED612715EB380028C57A /* AppNavigation in Frameworks */ = {isa = PBXBuildFile; productRef = 503CED602715EB380028C57A /* AppNavigation */; };
		503CED632715F8BC0028C57A /* Common in Frameworks */ = {isa = PBXBuildFile; productRef = 503CED622715F8BC0028C57A /* Common */; };
		50485ECB27011C3300419393 /* DI in Frameworks */ = {isa = PBXBuildFile; productRef = 50485ECA27011C3300419393 /* DI */; };
		50485ECF27011C4900419393 /* Networking in Frameworks */ = {isa = PBXBuildFile; productRef = 50485ECE27011C4900419393 /* Networking */; };
		50485ED127011C4E00419393 /* Storage in Frameworks */ = {isa = PBXBuildFile; productRef = 50485ED027011C4E00419393 /* Storage */; };
		50485ED327011C6200419393 /* BooksUI in Frameworks */ = {isa = PBXBuildFile; productRef = 50485ED227011C6200419393 /* BooksUI */; };
		50485ED527011C7600419393 /* DataManager in Frameworks */ = {isa = PBXBuildFile; productRef = 50485ED427011C7600419393 /* DataManager */; };
		506DB54B26F022A000F84627 /* AppDelegate.swift in Sources */ = {isa = PBXBuildFile; fileRef = 506DB54A26F022A000F84627 /* AppDelegate.swift */; };
		506DB55526F022A000F84627 /* Books.xcdatamodeld in Sources */ = {isa = PBXBuildFile; fileRef = 506DB55326F022A000F84627 /* Books.xcdatamodeld */; };
		506DB55726F022A300F84627 /* Assets.xcassets in Resources */ = {isa = PBXBuildFile; fileRef = 506DB55626F022A300F84627 /* Assets.xcassets */; };
		506DB55A26F022A300F84627 /* LaunchScreen.storyboard in Resources */ = {isa = PBXBuildFile; fileRef = 506DB55826F022A300F84627 /* LaunchScreen.storyboard */; };
		506DB56526F022A300F84627 /* BooksTests.swift in Sources */ = {isa = PBXBuildFile; fileRef = 506DB56426F022A300F84627 /* BooksTests.swift */; };
		506DB57026F022A400F84627 /* BooksUITests.swift in Sources */ = {isa = PBXBuildFile; fileRef = 506DB56F26F022A400F84627 /* BooksUITests.swift */; };
		506DB57F26F024D100F84627 /* Swinject in Frameworks */ = {isa = PBXBuildFile; productRef = 506DB57E26F024D100F84627 /* Swinject */; };
		507C61DF27306DFE000E295F /* SceneDelegate.swift in Sources */ = {isa = PBXBuildFile; fileRef = 507C61DE27306DFE000E295F /* SceneDelegate.swift */; };
		50B74B5027388D5700CDB0CB /* Rubik-BoldItalic.ttf in Resources */ = {isa = PBXBuildFile; fileRef = 50B74B4627388D5600CDB0CB /* Rubik-BoldItalic.ttf */; };
		50B74B5127388D5700CDB0CB /* Rubik-MediumItalic.ttf in Resources */ = {isa = PBXBuildFile; fileRef = 50B74B4727388D5600CDB0CB /* Rubik-MediumItalic.ttf */; };
		50B74B5227388D5700CDB0CB /* Rubik-Regular.ttf in Resources */ = {isa = PBXBuildFile; fileRef = 50B74B4827388D5600CDB0CB /* Rubik-Regular.ttf */; };
		50B74B5327388D5700CDB0CB /* Rubik-Italic.ttf in Resources */ = {isa = PBXBuildFile; fileRef = 50B74B4927388D5600CDB0CB /* Rubik-Italic.ttf */; };
		50B74B5427388D5700CDB0CB /* Rubik-Bold.ttf in Resources */ = {isa = PBXBuildFile; fileRef = 50B74B4A27388D5600CDB0CB /* Rubik-Bold.ttf */; };
		50B74B5527388D5700CDB0CB /* Rubik-Medium.ttf in Resources */ = {isa = PBXBuildFile; fileRef = 50B74B4B27388D5600CDB0CB /* Rubik-Medium.ttf */; };
		50B74B5627388D5700CDB0CB /* Rubik-LightItalic.ttf in Resources */ = {isa = PBXBuildFile; fileRef = 50B74B4C27388D5700CDB0CB /* Rubik-LightItalic.ttf */; };
		50B74B5727388D5700CDB0CB /* Rubik-Black.ttf in Resources */ = {isa = PBXBuildFile; fileRef = 50B74B4D27388D5700CDB0CB /* Rubik-Black.ttf */; };
		50B74B5827388D5700CDB0CB /* Rubik-Light.ttf in Resources */ = {isa = PBXBuildFile; fileRef = 50B74B4E27388D5700CDB0CB /* Rubik-Light.ttf */; };
		50B74B5927388D5700CDB0CB /* Rubik-BlackItalic.ttf in Resources */ = {isa = PBXBuildFile; fileRef = 50B74B4F27388D5700CDB0CB /* Rubik-BlackItalic.ttf */; };
		50B74B5E27388FB400CDB0CB /* SwiftGenFonts.swift in Sources */ = {isa = PBXBuildFile; fileRef = 50B74B5D27388FB400CDB0CB /* SwiftGenFonts.swift */; };
		50E5161F270A7A8A003E20B2 /* Domain in Frameworks */ = {isa = PBXBuildFile; productRef = 50E5161E270A7A8A003E20B2 /* Domain */; };
/* End PBXBuildFile section */

/* Begin PBXContainerItemProxy section */
		506DB56126F022A300F84627 /* PBXContainerItemProxy */ = {
			isa = PBXContainerItemProxy;
			containerPortal = 506DB53F26F022A000F84627 /* Project object */;
			proxyType = 1;
			remoteGlobalIDString = 506DB54626F022A000F84627;
			remoteInfo = Books;
		};
		506DB56C26F022A400F84627 /* PBXContainerItemProxy */ = {
			isa = PBXContainerItemProxy;
			containerPortal = 506DB53F26F022A000F84627 /* Project object */;
			proxyType = 1;
			remoteGlobalIDString = 506DB54626F022A000F84627;
			remoteInfo = Books;
		};
/* End PBXContainerItemProxy section */

/* Begin PBXCopyFilesBuildPhase section */
		50333ACD270D1B9A003A0226 /* Embed Frameworks */ = {
			isa = PBXCopyFilesBuildPhase;
			buildActionMask = 2147483647;
			dstPath = "";
			dstSubfolderSpec = 7;
			files = (
			);
			name = "Embed Frameworks";
			runOnlyForDeploymentPostprocessing = 0;
		};
/* End PBXCopyFilesBuildPhase section */

/* Begin PBXFileReference section */
		50333AD1270D1BE6003A0226 /* AppNavigationTests.swift */ = {isa = PBXFileReference; lastKnownFileType = sourcecode.swift; path = AppNavigationTests.swift; sourceTree = "<group>"; };
		50333AD2270D1BE6003A0226 /* README.md */ = {isa = PBXFileReference; lastKnownFileType = net.daringfireball.markdown; path = README.md; sourceTree = "<group>"; };
		50333AD3270D1BE6003A0226 /* .gitignore */ = {isa = PBXFileReference; lastKnownFileType = text; path = .gitignore; sourceTree = "<group>"; };
		50333AD4270D1BE6003A0226 /* Package.swift */ = {isa = PBXFileReference; lastKnownFileType = sourcecode.swift; path = Package.swift; sourceTree = "<group>"; };
		50333AD7270D1BE6003A0226 /* AppNavigation.swift */ = {isa = PBXFileReference; lastKnownFileType = sourcecode.swift; path = AppNavigation.swift; sourceTree = "<group>"; };
		50333ADD270D1BE6003A0226 /* xcschememanagement.plist */ = {isa = PBXFileReference; lastKnownFileType = text.plist.xml; path = xcschememanagement.plist; sourceTree = "<group>"; };
		50333AE1270D1BF2003A0226 /* AppNavigationTests.swift */ = {isa = PBXFileReference; lastKnownFileType = sourcecode.swift; path = AppNavigationTests.swift; sourceTree = "<group>"; };
		50333AE2270D1BF2003A0226 /* README.md */ = {isa = PBXFileReference; lastKnownFileType = net.daringfireball.markdown; path = README.md; sourceTree = "<group>"; };
		50333AE3270D1BF2003A0226 /* .gitignore */ = {isa = PBXFileReference; lastKnownFileType = text; path = .gitignore; sourceTree = "<group>"; };
		50333AE4270D1BF2003A0226 /* Package.swift */ = {isa = PBXFileReference; lastKnownFileType = sourcecode.swift; path = Package.swift; sourceTree = "<group>"; };
		50333AE7270D1BF2003A0226 /* AppNavigation.swift */ = {isa = PBXFileReference; lastKnownFileType = sourcecode.swift; path = AppNavigation.swift; sourceTree = "<group>"; };
		50333AED270D1BF2003A0226 /* xcschememanagement.plist */ = {isa = PBXFileReference; lastKnownFileType = text.plist.xml; path = xcschememanagement.plist; sourceTree = "<group>"; };
		50333AF1270D1BFD003A0226 /* AppNavigationTests.swift */ = {isa = PBXFileReference; lastKnownFileType = sourcecode.swift; path = AppNavigationTests.swift; sourceTree = "<group>"; };
		50333AF2270D1BFD003A0226 /* README.md */ = {isa = PBXFileReference; lastKnownFileType = net.daringfireball.markdown; path = README.md; sourceTree = "<group>"; };
		50333AF3270D1BFD003A0226 /* .gitignore */ = {isa = PBXFileReference; lastKnownFileType = text; path = .gitignore; sourceTree = "<group>"; };
		50333AF4270D1BFD003A0226 /* Package.swift */ = {isa = PBXFileReference; lastKnownFileType = sourcecode.swift; path = Package.swift; sourceTree = "<group>"; };
		50333AF7270D1BFD003A0226 /* AppNavigation.swift */ = {isa = PBXFileReference; lastKnownFileType = sourcecode.swift; path = AppNavigation.swift; sourceTree = "<group>"; };
		50333AFD270D1BFD003A0226 /* xcschememanagement.plist */ = {isa = PBXFileReference; lastKnownFileType = text.plist.xml; path = xcschememanagement.plist; sourceTree = "<group>"; };
		506DB54726F022A000F84627 /* Books.app */ = {isa = PBXFileReference; explicitFileType = wrapper.application; includeInIndex = 0; path = Books.app; sourceTree = BUILT_PRODUCTS_DIR; };
		506DB54A26F022A000F84627 /* AppDelegate.swift */ = {isa = PBXFileReference; lastKnownFileType = sourcecode.swift; path = AppDelegate.swift; sourceTree = "<group>"; };
		506DB55426F022A000F84627 /* Books.xcdatamodel */ = {isa = PBXFileReference; lastKnownFileType = wrapper.xcdatamodel; path = Books.xcdatamodel; sourceTree = "<group>"; };
		506DB55626F022A300F84627 /* Assets.xcassets */ = {isa = PBXFileReference; lastKnownFileType = folder.assetcatalog; path = Assets.xcassets; sourceTree = "<group>"; };
		506DB55926F022A300F84627 /* Base */ = {isa = PBXFileReference; lastKnownFileType = file.storyboard; name = Base; path = Base.lproj/LaunchScreen.storyboard; sourceTree = "<group>"; };
		506DB55B26F022A300F84627 /* Info.plist */ = {isa = PBXFileReference; lastKnownFileType = text.plist.xml; path = Info.plist; sourceTree = "<group>"; };
		506DB56026F022A300F84627 /* BooksTests.xctest */ = {isa = PBXFileReference; explicitFileType = wrapper.cfbundle; includeInIndex = 0; path = BooksTests.xctest; sourceTree = BUILT_PRODUCTS_DIR; };
		506DB56426F022A300F84627 /* BooksTests.swift */ = {isa = PBXFileReference; lastKnownFileType = sourcecode.swift; path = BooksTests.swift; sourceTree = "<group>"; };
		506DB56626F022A400F84627 /* Info.plist */ = {isa = PBXFileReference; lastKnownFileType = text.plist.xml; path = Info.plist; sourceTree = "<group>"; };
		506DB56B26F022A400F84627 /* BooksUITests.xctest */ = {isa = PBXFileReference; explicitFileType = wrapper.cfbundle; includeInIndex = 0; path = BooksUITests.xctest; sourceTree = BUILT_PRODUCTS_DIR; };
		506DB56F26F022A400F84627 /* BooksUITests.swift */ = {isa = PBXFileReference; lastKnownFileType = sourcecode.swift; path = BooksUITests.swift; sourceTree = "<group>"; };
		506DB57126F022A400F84627 /* Info.plist */ = {isa = PBXFileReference; lastKnownFileType = text.plist.xml; path = Info.plist; sourceTree = "<group>"; };
		507C61DE27306DFE000E295F /* SceneDelegate.swift */ = {isa = PBXFileReference; fileEncoding = 4; lastKnownFileType = sourcecode.swift; path = SceneDelegate.swift; sourceTree = "<group>"; };
		50B74B4627388D5600CDB0CB /* Rubik-BoldItalic.ttf */ = {isa = PBXFileReference; lastKnownFileType = file; path = "Rubik-BoldItalic.ttf"; sourceTree = "<group>"; };
		50B74B4727388D5600CDB0CB /* Rubik-MediumItalic.ttf */ = {isa = PBXFileReference; lastKnownFileType = file; path = "Rubik-MediumItalic.ttf"; sourceTree = "<group>"; };
		50B74B4827388D5600CDB0CB /* Rubik-Regular.ttf */ = {isa = PBXFileReference; lastKnownFileType = file; path = "Rubik-Regular.ttf"; sourceTree = "<group>"; };
		50B74B4927388D5600CDB0CB /* Rubik-Italic.ttf */ = {isa = PBXFileReference; lastKnownFileType = file; path = "Rubik-Italic.ttf"; sourceTree = "<group>"; };
		50B74B4A27388D5600CDB0CB /* Rubik-Bold.ttf */ = {isa = PBXFileReference; lastKnownFileType = file; path = "Rubik-Bold.ttf"; sourceTree = "<group>"; };
		50B74B4B27388D5600CDB0CB /* Rubik-Medium.ttf */ = {isa = PBXFileReference; lastKnownFileType = file; path = "Rubik-Medium.ttf"; sourceTree = "<group>"; };
		50B74B4C27388D5700CDB0CB /* Rubik-LightItalic.ttf */ = {isa = PBXFileReference; lastKnownFileType = file; path = "Rubik-LightItalic.ttf"; sourceTree = "<group>"; };
		50B74B4D27388D5700CDB0CB /* Rubik-Black.ttf */ = {isa = PBXFileReference; lastKnownFileType = file; path = "Rubik-Black.ttf"; sourceTree = "<group>"; };
		50B74B4E27388D5700CDB0CB /* Rubik-Light.ttf */ = {isa = PBXFileReference; lastKnownFileType = file; path = "Rubik-Light.ttf"; sourceTree = "<group>"; };
		50B74B4F27388D5700CDB0CB /* Rubik-BlackItalic.ttf */ = {isa = PBXFileReference; lastKnownFileType = file; path = "Rubik-BlackItalic.ttf"; sourceTree = "<group>"; };
		50B74B5D27388FB400CDB0CB /* SwiftGenFonts.swift */ = {isa = PBXFileReference; fileEncoding = 4; lastKnownFileType = sourcecode.swift; path = SwiftGenFonts.swift; sourceTree = "<group>"; };
/* End PBXFileReference section */

/* Begin PBXFrameworksBuildPhase section */
		506DB54426F022A000F84627 /* Frameworks */ = {
			isa = PBXFrameworksBuildPhase;
			buildActionMask = 2147483647;
			files = (
				503CED5C2715E8FB0028C57A /* Login in Frameworks */,
				50E5161F270A7A8A003E20B2 /* Domain in Frameworks */,
				503CED612715EB380028C57A /* AppNavigation in Frameworks */,
				503CED632715F8BC0028C57A /* Common in Frameworks */,
				50485ECF27011C4900419393 /* Networking in Frameworks */,
				50485ED527011C7600419393 /* DataManager in Frameworks */,
				50485ED127011C4E00419393 /* Storage in Frameworks */,
				50485ED327011C6200419393 /* BooksUI in Frameworks */,
				506DB57F26F024D100F84627 /* Swinject in Frameworks */,
				50485ECB27011C3300419393 /* DI in Frameworks */,
				503CED5F2715EACE0028C57A /* SwinjectAutoregistration in Frameworks */,
			);
			runOnlyForDeploymentPostprocessing = 0;
		};
		506DB55D26F022A300F84627 /* Frameworks */ = {
			isa = PBXFrameworksBuildPhase;
			buildActionMask = 2147483647;
			files = (
			);
			runOnlyForDeploymentPostprocessing = 0;
		};
		506DB56826F022A400F84627 /* Frameworks */ = {
			isa = PBXFrameworksBuildPhase;
			buildActionMask = 2147483647;
			files = (
			);
			runOnlyForDeploymentPostprocessing = 0;
		};
/* End PBXFrameworksBuildPhase section */

/* Begin PBXGroup section */
		50333ACE270D1BE6003A0226 /* AppNavigation */ = {
			isa = PBXGroup;
			children = (
				50333ACF270D1BE6003A0226 /* Tests */,
				50333AD2270D1BE6003A0226 /* README.md */,
				50333AD3270D1BE6003A0226 /* .gitignore */,
				50333AD4270D1BE6003A0226 /* Package.swift */,
				50333AD5270D1BE6003A0226 /* Sources */,
				50333AD8270D1BE6003A0226 /* .swiftpm */,
			);
			name = AppNavigation;
			path = ../AppNavigation;
			sourceTree = "<group>";
		};
		50333ACF270D1BE6003A0226 /* Tests */ = {
			isa = PBXGroup;
			children = (
				50333AD0270D1BE6003A0226 /* AppNavigationTests */,
			);
			path = Tests;
			sourceTree = "<group>";
		};
		50333AD0270D1BE6003A0226 /* AppNavigationTests */ = {
			isa = PBXGroup;
			children = (
				50333AD1270D1BE6003A0226 /* AppNavigationTests.swift */,
			);
			path = AppNavigationTests;
			sourceTree = "<group>";
		};
		50333AD5270D1BE6003A0226 /* Sources */ = {
			isa = PBXGroup;
			children = (
				50333AD6270D1BE6003A0226 /* AppNavigation */,
			);
			path = Sources;
			sourceTree = "<group>";
		};
		50333AD6270D1BE6003A0226 /* AppNavigation */ = {
			isa = PBXGroup;
			children = (
				50333AD7270D1BE6003A0226 /* AppNavigation.swift */,
			);
			path = AppNavigation;
			sourceTree = "<group>";
		};
		50333AD8270D1BE6003A0226 /* .swiftpm */ = {
			isa = PBXGroup;
			children = (
				50333AD9270D1BE6003A0226 /* xcode */,
			);
			path = .swiftpm;
			sourceTree = "<group>";
		};
		50333AD9270D1BE6003A0226 /* xcode */ = {
			isa = PBXGroup;
			children = (
				50333ADA270D1BE6003A0226 /* xcuserdata */,
			);
			path = xcode;
			sourceTree = "<group>";
		};
		50333ADA270D1BE6003A0226 /* xcuserdata */ = {
			isa = PBXGroup;
			children = (
				50333ADB270D1BE6003A0226 /* danielgomes.xcuserdatad */,
			);
			path = xcuserdata;
			sourceTree = "<group>";
		};
		50333ADB270D1BE6003A0226 /* danielgomes.xcuserdatad */ = {
			isa = PBXGroup;
			children = (
				50333ADC270D1BE6003A0226 /* xcschemes */,
			);
			path = danielgomes.xcuserdatad;
			sourceTree = "<group>";
		};
		50333ADC270D1BE6003A0226 /* xcschemes */ = {
			isa = PBXGroup;
			children = (
				50333ADD270D1BE6003A0226 /* xcschememanagement.plist */,
			);
			path = xcschemes;
			sourceTree = "<group>";
		};
		50333ADE270D1BF2003A0226 /* AppNavigation */ = {
			isa = PBXGroup;
			children = (
				50333ADF270D1BF2003A0226 /* Tests */,
				50333AE2270D1BF2003A0226 /* README.md */,
				50333AE3270D1BF2003A0226 /* .gitignore */,
				50333AE4270D1BF2003A0226 /* Package.swift */,
				50333AE5270D1BF2003A0226 /* Sources */,
				50333AE8270D1BF2003A0226 /* .swiftpm */,
			);
			name = AppNavigation;
			path = ../AppNavigation;
			sourceTree = "<group>";
		};
		50333ADF270D1BF2003A0226 /* Tests */ = {
			isa = PBXGroup;
			children = (
				50333AE0270D1BF2003A0226 /* AppNavigationTests */,
			);
			path = Tests;
			sourceTree = "<group>";
		};
		50333AE0270D1BF2003A0226 /* AppNavigationTests */ = {
			isa = PBXGroup;
			children = (
				50333AE1270D1BF2003A0226 /* AppNavigationTests.swift */,
			);
			path = AppNavigationTests;
			sourceTree = "<group>";
		};
		50333AE5270D1BF2003A0226 /* Sources */ = {
			isa = PBXGroup;
			children = (
				50333AE6270D1BF2003A0226 /* AppNavigation */,
			);
			path = Sources;
			sourceTree = "<group>";
		};
		50333AE6270D1BF2003A0226 /* AppNavigation */ = {
			isa = PBXGroup;
			children = (
				50333AE7270D1BF2003A0226 /* AppNavigation.swift */,
			);
			path = AppNavigation;
			sourceTree = "<group>";
		};
		50333AE8270D1BF2003A0226 /* .swiftpm */ = {
			isa = PBXGroup;
			children = (
				50333AE9270D1BF2003A0226 /* xcode */,
			);
			path = .swiftpm;
			sourceTree = "<group>";
		};
		50333AE9270D1BF2003A0226 /* xcode */ = {
			isa = PBXGroup;
			children = (
				50333AEA270D1BF2003A0226 /* xcuserdata */,
			);
			path = xcode;
			sourceTree = "<group>";
		};
		50333AEA270D1BF2003A0226 /* xcuserdata */ = {
			isa = PBXGroup;
			children = (
				50333AEB270D1BF2003A0226 /* danielgomes.xcuserdatad */,
			);
			path = xcuserdata;
			sourceTree = "<group>";
		};
		50333AEB270D1BF2003A0226 /* danielgomes.xcuserdatad */ = {
			isa = PBXGroup;
			children = (
				50333AEC270D1BF2003A0226 /* xcschemes */,
			);
			path = danielgomes.xcuserdatad;
			sourceTree = "<group>";
		};
		50333AEC270D1BF2003A0226 /* xcschemes */ = {
			isa = PBXGroup;
			children = (
				50333AED270D1BF2003A0226 /* xcschememanagement.plist */,
			);
			path = xcschemes;
			sourceTree = "<group>";
		};
		50333AEE270D1BFD003A0226 /* AppNavigation */ = {
			isa = PBXGroup;
			children = (
				50333AEF270D1BFD003A0226 /* Tests */,
				50333AF2270D1BFD003A0226 /* README.md */,
				50333AF3270D1BFD003A0226 /* .gitignore */,
				50333AF4270D1BFD003A0226 /* Package.swift */,
				50333AF5270D1BFD003A0226 /* Sources */,
				50333AF8270D1BFD003A0226 /* .swiftpm */,
			);
			name = AppNavigation;
			path = ../AppNavigation;
			sourceTree = "<group>";
		};
		50333AEF270D1BFD003A0226 /* Tests */ = {
			isa = PBXGroup;
			children = (
				50333AF0270D1BFD003A0226 /* AppNavigationTests */,
			);
			path = Tests;
			sourceTree = "<group>";
		};
		50333AF0270D1BFD003A0226 /* AppNavigationTests */ = {
			isa = PBXGroup;
			children = (
				50333AF1270D1BFD003A0226 /* AppNavigationTests.swift */,
			);
			path = AppNavigationTests;
			sourceTree = "<group>";
		};
		50333AF5270D1BFD003A0226 /* Sources */ = {
			isa = PBXGroup;
			children = (
				50333AF6270D1BFD003A0226 /* AppNavigation */,
			);
			path = Sources;
			sourceTree = "<group>";
		};
		50333AF6270D1BFD003A0226 /* AppNavigation */ = {
			isa = PBXGroup;
			children = (
				50333AF7270D1BFD003A0226 /* AppNavigation.swift */,
			);
			path = AppNavigation;
			sourceTree = "<group>";
		};
		50333AF8270D1BFD003A0226 /* .swiftpm */ = {
			isa = PBXGroup;
			children = (
				50333AF9270D1BFD003A0226 /* xcode */,
			);
			path = .swiftpm;
			sourceTree = "<group>";
		};
		50333AF9270D1BFD003A0226 /* xcode */ = {
			isa = PBXGroup;
			children = (
				50333AFA270D1BFD003A0226 /* xcuserdata */,
			);
			path = xcode;
			sourceTree = "<group>";
		};
		50333AFA270D1BFD003A0226 /* xcuserdata */ = {
			isa = PBXGroup;
			children = (
				50333AFB270D1BFD003A0226 /* danielgomes.xcuserdatad */,
			);
			path = xcuserdata;
			sourceTree = "<group>";
		};
		50333AFB270D1BFD003A0226 /* danielgomes.xcuserdatad */ = {
			isa = PBXGroup;
			children = (
				50333AFC270D1BFD003A0226 /* xcschemes */,
			);
			path = danielgomes.xcuserdatad;
			sourceTree = "<group>";
		};
		50333AFC270D1BFD003A0226 /* xcschemes */ = {
			isa = PBXGroup;
			children = (
				50333AFD270D1BFD003A0226 /* xcschememanagement.plist */,
			);
			path = xcschemes;
			sourceTree = "<group>";
		};
		50485EC527011C2400419393 /* Frameworks */ = {
			isa = PBXGroup;
			children = (
			);
			name = Frameworks;
			sourceTree = "<group>";
		};
		506DB53E26F022A000F84627 = {
			isa = PBXGroup;
			children = (
				50333ACE270D1BE6003A0226 /* AppNavigation */,
				50333ADE270D1BF2003A0226 /* AppNavigation */,
				50333AEE270D1BFD003A0226 /* AppNavigation */,
				506DB54926F022A000F84627 /* Books */,
				506DB56326F022A300F84627 /* BooksTests */,
				506DB56E26F022A400F84627 /* BooksUITests */,
				506DB54826F022A000F84627 /* Products */,
				50485EC527011C2400419393 /* Frameworks */,
			);
			sourceTree = "<group>";
		};
		506DB54826F022A000F84627 /* Products */ = {
			isa = PBXGroup;
			children = (
				506DB54726F022A000F84627 /* Books.app */,
				506DB56026F022A300F84627 /* BooksTests.xctest */,
				506DB56B26F022A400F84627 /* BooksUITests.xctest */,
			);
			name = Products;
			sourceTree = "<group>";
		};
		506DB54926F022A000F84627 /* Books */ = {
			isa = PBXGroup;
			children = (
				50BAFBBD270685FF004063B0 /* Models */,
				50BAFBBE27068609004063B0 /* Views */,
				50BAFBBF2706861A004063B0 /* ViewModels */,
				50BAFBBC270685D5004063B0 /* SupportingFiles */,
				50B74B5B27388F6200CDB0CB /* Helpers */,
			);
			path = Books;
			sourceTree = "<group>";
		};
		506DB56326F022A300F84627 /* BooksTests */ = {
			isa = PBXGroup;
			children = (
				506DB56426F022A300F84627 /* BooksTests.swift */,
				506DB56626F022A400F84627 /* Info.plist */,
			);
			path = BooksTests;
			sourceTree = "<group>";
		};
		506DB56E26F022A400F84627 /* BooksUITests */ = {
			isa = PBXGroup;
			children = (
				506DB56F26F022A400F84627 /* BooksUITests.swift */,
				506DB57126F022A400F84627 /* Info.plist */,
			);
			path = BooksUITests;
			sourceTree = "<group>";
		};
		507566B227011829007D4956 /* Delegates */ = {
			isa = PBXGroup;
			children = (
				507C61DE27306DFE000E295F /* SceneDelegate.swift */,
				506DB54A26F022A000F84627 /* AppDelegate.swift */,
			);
			path = Delegates;
			sourceTree = "<group>";
		};
		507566B32701182F007D4956 /* Assets */ = {
			isa = PBXGroup;
			children = (
				506DB55626F022A300F84627 /* Assets.xcassets */,
			);
			path = Assets;
			sourceTree = "<group>";
		};
		50B74B4527388D4700CDB0CB /* Fonts */ = {
			isa = PBXGroup;
			children = (
				50B74B4D27388D5700CDB0CB /* Rubik-Black.ttf */,
				50B74B4F27388D5700CDB0CB /* Rubik-BlackItalic.ttf */,
				50B74B4A27388D5600CDB0CB /* Rubik-Bold.ttf */,
				50B74B4627388D5600CDB0CB /* Rubik-BoldItalic.ttf */,
				50B74B4927388D5600CDB0CB /* Rubik-Italic.ttf */,
				50B74B4E27388D5700CDB0CB /* Rubik-Light.ttf */,
				50B74B4C27388D5700CDB0CB /* Rubik-LightItalic.ttf */,
				50B74B4B27388D5600CDB0CB /* Rubik-Medium.ttf */,
				50B74B4727388D5600CDB0CB /* Rubik-MediumItalic.ttf */,
				50B74B4827388D5600CDB0CB /* Rubik-Regular.ttf */,
			);
			path = Fonts;
			sourceTree = "<group>";
		};
		50B74B5A27388F5800CDB0CB /* Generated */ = {
			isa = PBXGroup;
			children = (
				50B74B5D27388FB400CDB0CB /* SwiftGenFonts.swift */,
			);
			path = Generated;
			sourceTree = "<group>";
		};
		50B74B5B27388F6200CDB0CB /* Helpers */ = {
			isa = PBXGroup;
			children = (
				50B74B5C27388F7E00CDB0CB /* Constants */,
			);
			path = Helpers;
			sourceTree = "<group>";
		};
		50B74B5C27388F7E00CDB0CB /* Constants */ = {
			isa = PBXGroup;
			children = (
				50B74B5A27388F5800CDB0CB /* Generated */,
			);
			path = Constants;
			sourceTree = "<group>";
		};
		50BAFBBA270685C5004063B0 /* CoreData */ = {
			isa = PBXGroup;
			children = (
				506DB55326F022A000F84627 /* Books.xcdatamodeld */,
			);
			path = CoreData;
			sourceTree = "<group>";
		};
		50BAFBBB270685CD004063B0 /* Launch */ = {
			isa = PBXGroup;
			children = (
				506DB55826F022A300F84627 /* LaunchScreen.storyboard */,
			);
			path = Launch;
			sourceTree = "<group>";
		};
		50BAFBBC270685D5004063B0 /* SupportingFiles */ = {
			isa = PBXGroup;
			children = (
				50B74B4527388D4700CDB0CB /* Fonts */,
				50BAFBBB270685CD004063B0 /* Launch */,
				507566B227011829007D4956 /* Delegates */,
				50BAFBBA270685C5004063B0 /* CoreData */,
				507566B32701182F007D4956 /* Assets */,
				506DB55B26F022A300F84627 /* Info.plist */,
			);
			path = SupportingFiles;
			sourceTree = "<group>";
		};
		50BAFBBD270685FF004063B0 /* Models */ = {
			isa = PBXGroup;
			children = (
			);
			path = Models;
			sourceTree = "<group>";
		};
		50BAFBBE27068609004063B0 /* Views */ = {
			isa = PBXGroup;
			children = (
			);
			path = Views;
			sourceTree = "<group>";
		};
		50BAFBBF2706861A004063B0 /* ViewModels */ = {
			isa = PBXGroup;
			children = (
			);
			path = ViewModels;
			sourceTree = "<group>";
		};
/* End PBXGroup section */

/* Begin PBXNativeTarget section */
		506DB54626F022A000F84627 /* Books */ = {
			isa = PBXNativeTarget;
			buildConfigurationList = 506DB57426F022A400F84627 /* Build configuration list for PBXNativeTarget "Books" */;
			buildPhases = (
				506DB54326F022A000F84627 /* Sources */,
				506DB54426F022A000F84627 /* Frameworks */,
				506DB54526F022A000F84627 /* Resources */,
				50E51616270A6F5B003E20B2 /* Swiftlint */,
				50333ACD270D1B9A003A0226 /* Embed Frameworks */,
			);
			buildRules = (
			);
			dependencies = (
			);
			name = Books;
			packageProductDependencies = (
				506DB57E26F024D100F84627 /* Swinject */,
				50485ECA27011C3300419393 /* DI */,
				50485ECE27011C4900419393 /* Networking */,
				50485ED027011C4E00419393 /* Storage */,
				50485ED227011C6200419393 /* BooksUI */,
				50485ED427011C7600419393 /* DataManager */,
				50E5161E270A7A8A003E20B2 /* Domain */,
				503CED5B2715E8FB0028C57A /* Login */,
				503CED5E2715EACE0028C57A /* SwinjectAutoregistration */,
				503CED602715EB380028C57A /* AppNavigation */,
				503CED622715F8BC0028C57A /* Common */,
			);
			productName = Books;
			productReference = 506DB54726F022A000F84627 /* Books.app */;
			productType = "com.apple.product-type.application";
		};
		506DB55F26F022A300F84627 /* BooksTests */ = {
			isa = PBXNativeTarget;
			buildConfigurationList = 506DB57726F022A400F84627 /* Build configuration list for PBXNativeTarget "BooksTests" */;
			buildPhases = (
				506DB55C26F022A300F84627 /* Sources */,
				506DB55D26F022A300F84627 /* Frameworks */,
				506DB55E26F022A300F84627 /* Resources */,
			);
			buildRules = (
			);
			dependencies = (
				506DB56226F022A300F84627 /* PBXTargetDependency */,
			);
			name = BooksTests;
			productName = BooksTests;
			productReference = 506DB56026F022A300F84627 /* BooksTests.xctest */;
			productType = "com.apple.product-type.bundle.unit-test";
		};
		506DB56A26F022A400F84627 /* BooksUITests */ = {
			isa = PBXNativeTarget;
			buildConfigurationList = 506DB57A26F022A400F84627 /* Build configuration list for PBXNativeTarget "BooksUITests" */;
			buildPhases = (
				506DB56726F022A400F84627 /* Sources */,
				506DB56826F022A400F84627 /* Frameworks */,
				506DB56926F022A400F84627 /* Resources */,
			);
			buildRules = (
			);
			dependencies = (
				506DB56D26F022A400F84627 /* PBXTargetDependency */,
			);
			name = BooksUITests;
			productName = BooksUITests;
			productReference = 506DB56B26F022A400F84627 /* BooksUITests.xctest */;
			productType = "com.apple.product-type.bundle.ui-testing";
		};
/* End PBXNativeTarget section */

/* Begin PBXProject section */
		506DB53F26F022A000F84627 /* Project object */ = {
			isa = PBXProject;
			attributes = {
				LastSwiftUpdateCheck = 1250;
				LastUpgradeCheck = 1250;
				TargetAttributes = {
					506DB54626F022A000F84627 = {
						CreatedOnToolsVersion = 12.5.1;
					};
					506DB55F26F022A300F84627 = {
						CreatedOnToolsVersion = 12.5.1;
						TestTargetID = 506DB54626F022A000F84627;
					};
					506DB56A26F022A400F84627 = {
						CreatedOnToolsVersion = 12.5.1;
						TestTargetID = 506DB54626F022A000F84627;
					};
				};
			};
			buildConfigurationList = 506DB54226F022A000F84627 /* Build configuration list for PBXProject "Books" */;
			compatibilityVersion = "Xcode 9.3";
			developmentRegion = en;
			hasScannedForEncodings = 0;
			knownRegions = (
				en,
				Base,
			);
			mainGroup = 506DB53E26F022A000F84627;
			packageReferences = (
				506DB57D26F024D100F84627 /* XCRemoteSwiftPackageReference "Swinject" */,
				50E51617270A7289003E20B2 /* XCRemoteSwiftPackageReference "SwiftLint" */,
				503CED5D2715EACE0028C57A /* XCRemoteSwiftPackageReference "SwinjectAutoregistration" */,
			);
			productRefGroup = 506DB54826F022A000F84627 /* Products */;
			projectDirPath = "";
			projectRoot = "";
			targets = (
				506DB54626F022A000F84627 /* Books */,
				506DB55F26F022A300F84627 /* BooksTests */,
				506DB56A26F022A400F84627 /* BooksUITests */,
			);
		};
/* End PBXProject section */

/* Begin PBXResourcesBuildPhase section */
		506DB54526F022A000F84627 /* Resources */ = {
			isa = PBXResourcesBuildPhase;
			buildActionMask = 2147483647;
			files = (
				506DB55A26F022A300F84627 /* LaunchScreen.storyboard in Resources */,
				50B74B5027388D5700CDB0CB /* Rubik-BoldItalic.ttf in Resources */,
				50B74B5927388D5700CDB0CB /* Rubik-BlackItalic.ttf in Resources */,
				50B74B5327388D5700CDB0CB /* Rubik-Italic.ttf in Resources */,
				50B74B5627388D5700CDB0CB /* Rubik-LightItalic.ttf in Resources */,
				506DB55726F022A300F84627 /* Assets.xcassets in Resources */,
				50B74B5427388D5700CDB0CB /* Rubik-Bold.ttf in Resources */,
				50B74B5227388D5700CDB0CB /* Rubik-Regular.ttf in Resources */,
				50B74B5127388D5700CDB0CB /* Rubik-MediumItalic.ttf in Resources */,
				50B74B5727388D5700CDB0CB /* Rubik-Black.ttf in Resources */,
				50B74B5527388D5700CDB0CB /* Rubik-Medium.ttf in Resources */,
				50B74B5827388D5700CDB0CB /* Rubik-Light.ttf in Resources */,
			);
			runOnlyForDeploymentPostprocessing = 0;
		};
		506DB55E26F022A300F84627 /* Resources */ = {
			isa = PBXResourcesBuildPhase;
			buildActionMask = 2147483647;
			files = (
			);
			runOnlyForDeploymentPostprocessing = 0;
		};
		506DB56926F022A400F84627 /* Resources */ = {
			isa = PBXResourcesBuildPhase;
			buildActionMask = 2147483647;
			files = (
			);
			runOnlyForDeploymentPostprocessing = 0;
		};
/* End PBXResourcesBuildPhase section */

/* Begin PBXShellScriptBuildPhase section */
		50E51616270A6F5B003E20B2 /* Swiftlint */ = {
			isa = PBXShellScriptBuildPhase;
			buildActionMask = 2147483647;
			files = (
			);
			inputFileListPaths = (
			);
			inputPaths = (
			);
			name = Swiftlint;
			outputFileListPaths = (
			);
			outputPaths = (
			);
			runOnlyForDeploymentPostprocessing = 0;
			shellPath = /bin/sh;
			shellScript = "if which swiftlint >/dev/null; then\n    swiftlint --config ../.swiftlint.yml\nelse\necho \"warning: SwiftLint not installed, 'brew install swiftlint' or download from https://github.com/realm/SwiftLint\"\nfi\n";
		};
/* End PBXShellScriptBuildPhase section */

/* Begin PBXSourcesBuildPhase section */
		506DB54326F022A000F84627 /* Sources */ = {
			isa = PBXSourcesBuildPhase;
			buildActionMask = 2147483647;
			files = (
				506DB55526F022A000F84627 /* Books.xcdatamodeld in Sources */,
				506DB54B26F022A000F84627 /* AppDelegate.swift in Sources */,
				507C61DF27306DFE000E295F /* SceneDelegate.swift in Sources */,
				50B74B5E27388FB400CDB0CB /* SwiftGenFonts.swift in Sources */,
			);
			runOnlyForDeploymentPostprocessing = 0;
		};
		506DB55C26F022A300F84627 /* Sources */ = {
			isa = PBXSourcesBuildPhase;
			buildActionMask = 2147483647;
			files = (
				506DB56526F022A300F84627 /* BooksTests.swift in Sources */,
			);
			runOnlyForDeploymentPostprocessing = 0;
		};
		506DB56726F022A400F84627 /* Sources */ = {
			isa = PBXSourcesBuildPhase;
			buildActionMask = 2147483647;
			files = (
				506DB57026F022A400F84627 /* BooksUITests.swift in Sources */,
			);
			runOnlyForDeploymentPostprocessing = 0;
		};
/* End PBXSourcesBuildPhase section */

/* Begin PBXTargetDependency section */
		506DB56226F022A300F84627 /* PBXTargetDependency */ = {
			isa = PBXTargetDependency;
			target = 506DB54626F022A000F84627 /* Books */;
			targetProxy = 506DB56126F022A300F84627 /* PBXContainerItemProxy */;
		};
		506DB56D26F022A400F84627 /* PBXTargetDependency */ = {
			isa = PBXTargetDependency;
			target = 506DB54626F022A000F84627 /* Books */;
			targetProxy = 506DB56C26F022A400F84627 /* PBXContainerItemProxy */;
		};
/* End PBXTargetDependency section */

/* Begin PBXVariantGroup section */
		506DB55826F022A300F84627 /* LaunchScreen.storyboard */ = {
			isa = PBXVariantGroup;
			children = (
				506DB55926F022A300F84627 /* Base */,
			);
			name = LaunchScreen.storyboard;
			sourceTree = "<group>";
		};
/* End PBXVariantGroup section */

/* Begin XCBuildConfiguration section */
		506DB57226F022A400F84627 /* Debug */ = {
			isa = XCBuildConfiguration;
			buildSettings = {
				ALWAYS_SEARCH_USER_PATHS = NO;
				CLANG_ANALYZER_NONNULL = YES;
				CLANG_ANALYZER_NUMBER_OBJECT_CONVERSION = YES_AGGRESSIVE;
				CLANG_CXX_LANGUAGE_STANDARD = "gnu++14";
				CLANG_CXX_LIBRARY = "libc++";
				CLANG_ENABLE_MODULES = YES;
				CLANG_ENABLE_OBJC_ARC = YES;
				CLANG_ENABLE_OBJC_WEAK = YES;
				CLANG_WARN_BLOCK_CAPTURE_AUTORELEASING = YES;
				CLANG_WARN_BOOL_CONVERSION = YES;
				CLANG_WARN_COMMA = YES;
				CLANG_WARN_CONSTANT_CONVERSION = YES;
				CLANG_WARN_DEPRECATED_OBJC_IMPLEMENTATIONS = YES;
				CLANG_WARN_DIRECT_OBJC_ISA_USAGE = YES_ERROR;
				CLANG_WARN_DOCUMENTATION_COMMENTS = YES;
				CLANG_WARN_EMPTY_BODY = YES;
				CLANG_WARN_ENUM_CONVERSION = YES;
				CLANG_WARN_INFINITE_RECURSION = YES;
				CLANG_WARN_INT_CONVERSION = YES;
				CLANG_WARN_NON_LITERAL_NULL_CONVERSION = YES;
				CLANG_WARN_OBJC_IMPLICIT_RETAIN_SELF = YES;
				CLANG_WARN_OBJC_LITERAL_CONVERSION = YES;
				CLANG_WARN_OBJC_ROOT_CLASS = YES_ERROR;
				CLANG_WARN_QUOTED_INCLUDE_IN_FRAMEWORK_HEADER = YES;
				CLANG_WARN_RANGE_LOOP_ANALYSIS = YES;
				CLANG_WARN_STRICT_PROTOTYPES = YES;
				CLANG_WARN_SUSPICIOUS_MOVE = YES;
				CLANG_WARN_UNGUARDED_AVAILABILITY = YES_AGGRESSIVE;
				CLANG_WARN_UNREACHABLE_CODE = YES;
				CLANG_WARN__DUPLICATE_METHOD_MATCH = YES;
				COPY_PHASE_STRIP = NO;
				DEBUG_INFORMATION_FORMAT = dwarf;
				ENABLE_STRICT_OBJC_MSGSEND = YES;
				ENABLE_TESTABILITY = YES;
				GCC_C_LANGUAGE_STANDARD = gnu11;
				GCC_DYNAMIC_NO_PIC = NO;
				GCC_NO_COMMON_BLOCKS = YES;
				GCC_OPTIMIZATION_LEVEL = 0;
				GCC_PREPROCESSOR_DEFINITIONS = (
					"DEBUG=1",
					"$(inherited)",
				);
				GCC_WARN_64_TO_32_BIT_CONVERSION = YES;
				GCC_WARN_ABOUT_RETURN_TYPE = YES_ERROR;
				GCC_WARN_UNDECLARED_SELECTOR = YES;
				GCC_WARN_UNINITIALIZED_AUTOS = YES_AGGRESSIVE;
				GCC_WARN_UNUSED_FUNCTION = YES;
				GCC_WARN_UNUSED_VARIABLE = YES;
				IPHONEOS_DEPLOYMENT_TARGET = 13.0;
				MTL_ENABLE_DEBUG_INFO = INCLUDE_SOURCE;
				MTL_FAST_MATH = YES;
				ONLY_ACTIVE_ARCH = YES;
				SDKROOT = iphoneos;
				SWIFT_ACTIVE_COMPILATION_CONDITIONS = DEBUG;
				SWIFT_OPTIMIZATION_LEVEL = "-Onone";
			};
			name = Debug;
		};
		506DB57326F022A400F84627 /* Release */ = {
			isa = XCBuildConfiguration;
			buildSettings = {
				ALWAYS_SEARCH_USER_PATHS = NO;
				CLANG_ANALYZER_NONNULL = YES;
				CLANG_ANALYZER_NUMBER_OBJECT_CONVERSION = YES_AGGRESSIVE;
				CLANG_CXX_LANGUAGE_STANDARD = "gnu++14";
				CLANG_CXX_LIBRARY = "libc++";
				CLANG_ENABLE_MODULES = YES;
				CLANG_ENABLE_OBJC_ARC = YES;
				CLANG_ENABLE_OBJC_WEAK = YES;
				CLANG_WARN_BLOCK_CAPTURE_AUTORELEASING = YES;
				CLANG_WARN_BOOL_CONVERSION = YES;
				CLANG_WARN_COMMA = YES;
				CLANG_WARN_CONSTANT_CONVERSION = YES;
				CLANG_WARN_DEPRECATED_OBJC_IMPLEMENTATIONS = YES;
				CLANG_WARN_DIRECT_OBJC_ISA_USAGE = YES_ERROR;
				CLANG_WARN_DOCUMENTATION_COMMENTS = YES;
				CLANG_WARN_EMPTY_BODY = YES;
				CLANG_WARN_ENUM_CONVERSION = YES;
				CLANG_WARN_INFINITE_RECURSION = YES;
				CLANG_WARN_INT_CONVERSION = YES;
				CLANG_WARN_NON_LITERAL_NULL_CONVERSION = YES;
				CLANG_WARN_OBJC_IMPLICIT_RETAIN_SELF = YES;
				CLANG_WARN_OBJC_LITERAL_CONVERSION = YES;
				CLANG_WARN_OBJC_ROOT_CLASS = YES_ERROR;
				CLANG_WARN_QUOTED_INCLUDE_IN_FRAMEWORK_HEADER = YES;
				CLANG_WARN_RANGE_LOOP_ANALYSIS = YES;
				CLANG_WARN_STRICT_PROTOTYPES = YES;
				CLANG_WARN_SUSPICIOUS_MOVE = YES;
				CLANG_WARN_UNGUARDED_AVAILABILITY = YES_AGGRESSIVE;
				CLANG_WARN_UNREACHABLE_CODE = YES;
				CLANG_WARN__DUPLICATE_METHOD_MATCH = YES;
				COPY_PHASE_STRIP = NO;
				DEBUG_INFORMATION_FORMAT = "dwarf-with-dsym";
				ENABLE_NS_ASSERTIONS = NO;
				ENABLE_STRICT_OBJC_MSGSEND = YES;
				GCC_C_LANGUAGE_STANDARD = gnu11;
				GCC_NO_COMMON_BLOCKS = YES;
				GCC_WARN_64_TO_32_BIT_CONVERSION = YES;
				GCC_WARN_ABOUT_RETURN_TYPE = YES_ERROR;
				GCC_WARN_UNDECLARED_SELECTOR = YES;
				GCC_WARN_UNINITIALIZED_AUTOS = YES_AGGRESSIVE;
				GCC_WARN_UNUSED_FUNCTION = YES;
				GCC_WARN_UNUSED_VARIABLE = YES;
				IPHONEOS_DEPLOYMENT_TARGET = 13.0;
				MTL_ENABLE_DEBUG_INFO = NO;
				MTL_FAST_MATH = YES;
				SDKROOT = iphoneos;
				SWIFT_COMPILATION_MODE = wholemodule;
				SWIFT_OPTIMIZATION_LEVEL = "-O";
				VALIDATE_PRODUCT = YES;
			};
			name = Release;
		};
		506DB57526F022A400F84627 /* Debug */ = {
			isa = XCBuildConfiguration;
			buildSettings = {
				ASSETCATALOG_COMPILER_APPICON_NAME = AppIcon;
				ASSETCATALOG_COMPILER_GLOBAL_ACCENT_COLOR_NAME = AccentColor;
				CODE_SIGN_STYLE = Automatic;
				DEVELOPMENT_TEAM = 9R4Y5B2V5Z;
				INFOPLIST_FILE = Books/SupportingFiles/Info.plist;
				IPHONEOS_DEPLOYMENT_TARGET = 13.0;
				LD_RUNPATH_SEARCH_PATHS = (
					"$(inherited)",
					"@executable_path/Frameworks",
				);
				PRODUCT_BUNDLE_IDENTIFIER = com.danielgx.ios.Books;
				PRODUCT_NAME = "$(TARGET_NAME)";
				SWIFT_VERSION = 5.0;
				TARGETED_DEVICE_FAMILY = 1;
			};
			name = Debug;
		};
		506DB57626F022A400F84627 /* Release */ = {
			isa = XCBuildConfiguration;
			buildSettings = {
				ASSETCATALOG_COMPILER_APPICON_NAME = AppIcon;
				ASSETCATALOG_COMPILER_GLOBAL_ACCENT_COLOR_NAME = AccentColor;
				CODE_SIGN_STYLE = Automatic;
				DEVELOPMENT_TEAM = 9R4Y5B2V5Z;
				INFOPLIST_FILE = Books/SupportingFiles/Info.plist;
				IPHONEOS_DEPLOYMENT_TARGET = 13.0;
				LD_RUNPATH_SEARCH_PATHS = (
					"$(inherited)",
					"@executable_path/Frameworks",
				);
				PRODUCT_BUNDLE_IDENTIFIER = com.danielgx.ios.Books;
				PRODUCT_NAME = "$(TARGET_NAME)";
				SWIFT_VERSION = 5.0;
				TARGETED_DEVICE_FAMILY = 1;
			};
			name = Release;
		};
		506DB57826F022A400F84627 /* Debug */ = {
			isa = XCBuildConfiguration;
			buildSettings = {
				ALWAYS_EMBED_SWIFT_STANDARD_LIBRARIES = YES;
				BUNDLE_LOADER = "$(TEST_HOST)";
				CODE_SIGN_STYLE = Automatic;
				DEVELOPMENT_TEAM = 9R4Y5B2V5Z;
				INFOPLIST_FILE = BooksTests/Info.plist;
				IPHONEOS_DEPLOYMENT_TARGET = 14.5;
				LD_RUNPATH_SEARCH_PATHS = (
					"$(inherited)",
					"@executable_path/Frameworks",
					"@loader_path/Frameworks",
				);
				PRODUCT_BUNDLE_IDENTIFIER = com.danielgx.ios.BooksTests;
				PRODUCT_NAME = "$(TARGET_NAME)";
				SWIFT_VERSION = 5.0;
				TARGETED_DEVICE_FAMILY = "1,2";
				TEST_HOST = "$(BUILT_PRODUCTS_DIR)/Books.app/Books";
			};
			name = Debug;
		};
		506DB57926F022A400F84627 /* Release */ = {
			isa = XCBuildConfiguration;
			buildSettings = {
				ALWAYS_EMBED_SWIFT_STANDARD_LIBRARIES = YES;
				BUNDLE_LOADER = "$(TEST_HOST)";
				CODE_SIGN_STYLE = Automatic;
				DEVELOPMENT_TEAM = 9R4Y5B2V5Z;
				INFOPLIST_FILE = BooksTests/Info.plist;
				IPHONEOS_DEPLOYMENT_TARGET = 14.5;
				LD_RUNPATH_SEARCH_PATHS = (
					"$(inherited)",
					"@executable_path/Frameworks",
					"@loader_path/Frameworks",
				);
				PRODUCT_BUNDLE_IDENTIFIER = com.danielgx.ios.BooksTests;
				PRODUCT_NAME = "$(TARGET_NAME)";
				SWIFT_VERSION = 5.0;
				TARGETED_DEVICE_FAMILY = "1,2";
				TEST_HOST = "$(BUILT_PRODUCTS_DIR)/Books.app/Books";
			};
			name = Release;
		};
		506DB57B26F022A400F84627 /* Debug */ = {
			isa = XCBuildConfiguration;
			buildSettings = {
				ALWAYS_EMBED_SWIFT_STANDARD_LIBRARIES = YES;
				CODE_SIGN_STYLE = Automatic;
				DEVELOPMENT_TEAM = 9R4Y5B2V5Z;
				INFOPLIST_FILE = BooksUITests/Info.plist;
				LD_RUNPATH_SEARCH_PATHS = (
					"$(inherited)",
					"@executable_path/Frameworks",
					"@loader_path/Frameworks",
				);
				PRODUCT_BUNDLE_IDENTIFIER = com.danielgx.ios.BooksUITests;
				PRODUCT_NAME = "$(TARGET_NAME)";
				SWIFT_VERSION = 5.0;
				TARGETED_DEVICE_FAMILY = "1,2";
				TEST_TARGET_NAME = Books;
			};
			name = Debug;
		};
		506DB57C26F022A400F84627 /* Release */ = {
			isa = XCBuildConfiguration;
			buildSettings = {
				ALWAYS_EMBED_SWIFT_STANDARD_LIBRARIES = YES;
				CODE_SIGN_STYLE = Automatic;
				DEVELOPMENT_TEAM = 9R4Y5B2V5Z;
				INFOPLIST_FILE = BooksUITests/Info.plist;
				LD_RUNPATH_SEARCH_PATHS = (
					"$(inherited)",
					"@executable_path/Frameworks",
					"@loader_path/Frameworks",
				);
				PRODUCT_BUNDLE_IDENTIFIER = com.danielgx.ios.BooksUITests;
				PRODUCT_NAME = "$(TARGET_NAME)";
				SWIFT_VERSION = 5.0;
				TARGETED_DEVICE_FAMILY = "1,2";
				TEST_TARGET_NAME = Books;
			};
			name = Release;
		};
/* End XCBuildConfiguration section */

/* Begin XCConfigurationList section */
		506DB54226F022A000F84627 /* Build configuration list for PBXProject "Books" */ = {
			isa = XCConfigurationList;
			buildConfigurations = (
				506DB57226F022A400F84627 /* Debug */,
				506DB57326F022A400F84627 /* Release */,
			);
			defaultConfigurationIsVisible = 0;
			defaultConfigurationName = Release;
		};
		506DB57426F022A400F84627 /* Build configuration list for PBXNativeTarget "Books" */ = {
			isa = XCConfigurationList;
			buildConfigurations = (
				506DB57526F022A400F84627 /* Debug */,
				506DB57626F022A400F84627 /* Release */,
			);
			defaultConfigurationIsVisible = 0;
			defaultConfigurationName = Release;
		};
		506DB57726F022A400F84627 /* Build configuration list for PBXNativeTarget "BooksTests" */ = {
			isa = XCConfigurationList;
			buildConfigurations = (
				506DB57826F022A400F84627 /* Debug */,
				506DB57926F022A400F84627 /* Release */,
			);
			defaultConfigurationIsVisible = 0;
			defaultConfigurationName = Release;
		};
		506DB57A26F022A400F84627 /* Build configuration list for PBXNativeTarget "BooksUITests" */ = {
			isa = XCConfigurationList;
			buildConfigurations = (
				506DB57B26F022A400F84627 /* Debug */,
				506DB57C26F022A400F84627 /* Release */,
			);
			defaultConfigurationIsVisible = 0;
			defaultConfigurationName = Release;
		};
/* End XCConfigurationList section */

/* Begin XCRemoteSwiftPackageReference section */
		503CED5D2715EACE0028C57A /* XCRemoteSwiftPackageReference "SwinjectAutoregistration" */ = {
			isa = XCRemoteSwiftPackageReference;
			repositoryURL = "https://github.com/Swinject/SwinjectAutoregistration.git";
			requirement = {
				kind = exactVersion;
				version = 2.7.0;
			};
		};
		506DB57D26F024D100F84627 /* XCRemoteSwiftPackageReference "Swinject" */ = {
			isa = XCRemoteSwiftPackageReference;
			repositoryURL = "https://github.com/Swinject/Swinject.git";
			requirement = {
				kind = upToNextMajorVersion;
				minimumVersion = 2.8.0;
			};
		};
		50E51617270A7289003E20B2 /* XCRemoteSwiftPackageReference "SwiftLint" */ = {
			isa = XCRemoteSwiftPackageReference;
			repositoryURL = "https://github.com/realm/SwiftLint";
			requirement = {
				kind = upToNextMajorVersion;
				minimumVersion = 0.43.1;
			};
		};
/* End XCRemoteSwiftPackageReference section */

/* Begin XCSwiftPackageProductDependency section */
		503CED5B2715E8FB0028C57A /* Login */ = {
			isa = XCSwiftPackageProductDependency;
			productName = Login;
		};
		503CED5E2715EACE0028C57A /* SwinjectAutoregistration */ = {
			isa = XCSwiftPackageProductDependency;
			package = 503CED5D2715EACE0028C57A /* XCRemoteSwiftPackageReference "SwinjectAutoregistration" */;
			productName = SwinjectAutoregistration;
		};
		503CED602715EB380028C57A /* AppNavigation */ = {
			isa = XCSwiftPackageProductDependency;
			productName = AppNavigation;
		};
		503CED622715F8BC0028C57A /* Common */ = {
			isa = XCSwiftPackageProductDependency;
			productName = Common;
		};
		50485ECA27011C3300419393 /* DI */ = {
			isa = XCSwiftPackageProductDependency;
			productName = DI;
		};
		50485ECE27011C4900419393 /* Networking */ = {
			isa = XCSwiftPackageProductDependency;
			productName = Networking;
		};
		50485ED027011C4E00419393 /* Storage */ = {
			isa = XCSwiftPackageProductDependency;
			productName = Storage;
		};
		50485ED227011C6200419393 /* BooksUI */ = {
			isa = XCSwiftPackageProductDependency;
			productName = BooksUI;
		};
		50485ED427011C7600419393 /* DataManager */ = {
			isa = XCSwiftPackageProductDependency;
			productName = DataManager;
		};
		506DB57E26F024D100F84627 /* Swinject */ = {
			isa = XCSwiftPackageProductDependency;
			package = 506DB57D26F024D100F84627 /* XCRemoteSwiftPackageReference "Swinject" */;
			productName = Swinject;
		};
		50E5161E270A7A8A003E20B2 /* Domain */ = {
			isa = XCSwiftPackageProductDependency;
			productName = Domain;
		};
/* End XCSwiftPackageProductDependency section */

/* Begin XCVersionGroup section */
		506DB55326F022A000F84627 /* Books.xcdatamodeld */ = {
			isa = XCVersionGroup;
			children = (
				506DB55426F022A000F84627 /* Books.xcdatamodel */,
			);
			currentVersion = 506DB55426F022A000F84627 /* Books.xcdatamodel */;
			path = Books.xcdatamodeld;
			sourceTree = "<group>";
			versionGroupType = wrapper.xcdatamodel;
		};
/* End XCVersionGroup section */
	};
	rootObject = 506DB53F26F022A000F84627 /* Project object */;
}
